// !$*UTF8*$!
{
	archiveVersion = 1;
	classes = {
	};
	objectVersion = 46;
	objects = {

/* Begin PBXBuildFile section */
		D305942A16C55D8D0048CC20 /* Foundation.framework in Frameworks */ = {isa = PBXBuildFile; fileRef = D305942916C55D8D0048CC20 /* Foundation.framework */; };
		D305942F16C55D8D0048CC20 /* BBCommonUI.h in CopyFiles */ = {isa = PBXBuildFile; fileRef = D305942E16C55D8D0048CC20 /* BBCommonUI.h */; };
		D305943A16C55F1C0048CC20 /* BBToolbar.m in Sources */ = {isa = PBXBuildFile; fileRef = D305943916C55F1C0048CC20 /* BBToolbar.m */; };
		D305943E16C55F590048CC20 /* CoreText.framework in Frameworks */ = {isa = PBXBuildFile; fileRef = D305943D16C55F590048CC20 /* CoreText.framework */; };
		D305944016C55F5F0048CC20 /* QuartzCore.framework in Frameworks */ = {isa = PBXBuildFile; fileRef = D305943F16C55F5F0048CC20 /* QuartzCore.framework */; };
		D305944316C55FE20048CC20 /* BBStackView.m in Sources */ = {isa = PBXBuildFile; fileRef = D305944216C55FE20048CC20 /* BBStackView.m */; };
		D305945A16C564550048CC20 /* UIView+BBCommon.m in Sources */ = {isa = PBXBuildFile; fileRef = D305945916C564550048CC20 /* UIView+BBCommon.m */; };
		D305945D16C564C40048CC20 /* UIImage+BBCommon.m in Sources */ = {isa = PBXBuildFile; fileRef = D305945C16C564C40048CC20 /* UIImage+BBCommon.m */; };
		D305946B16C5991F0048CC20 /* BBTextView.m in Sources */ = {isa = PBXBuildFile; fileRef = D305946A16C5991F0048CC20 /* BBTextView.m */; };
		D305947916C59A0F0048CC20 /* BBLabel.m in Sources */ = {isa = PBXBuildFile; fileRef = D305946D16C599280048CC20 /* BBLabel.m */; };
		D305947A16C59A120048CC20 /* BBTextField.m in Sources */ = {isa = PBXBuildFile; fileRef = D305947816C599B80048CC20 /* BBTextField.m */; };
		D305947B16C59A1B0048CC20 /* BBTextFieldStyle.m in Sources */ = {isa = PBXBuildFile; fileRef = D305947616C599A20048CC20 /* BBTextFieldStyle.m */; };
		D305947C16C59A1D0048CC20 /* BBLabelStyle.m in Sources */ = {isa = PBXBuildFile; fileRef = D305947416C5998F0048CC20 /* BBLabelStyle.m */; };
		D305947D16C59A200048CC20 /* BBButtonStyle.m in Sources */ = {isa = PBXBuildFile; fileRef = D305947216C599860048CC20 /* BBButtonStyle.m */; };
		D305947E16C59A240048CC20 /* BBTextViewStyle.m in Sources */ = {isa = PBXBuildFile; fileRef = D305947016C599760048CC20 /* BBTextViewStyle.m */; };
		D305948116C59A4B0048CC20 /* NSString+BBCommon.m in Sources */ = {isa = PBXBuildFile; fileRef = D305948016C59A4B0048CC20 /* NSString+BBCommon.m */; };
		D305948416C59B670048CC20 /* UILabel+BBCommon.m in Sources */ = {isa = PBXBuildFile; fileRef = D305948316C59B670048CC20 /* UILabel+BBCommon.m */; };
		D305948716C59BB70048CC20 /* BBWrapView.m in Sources */ = {isa = PBXBuildFile; fileRef = D305948616C59BB70048CC20 /* BBWrapView.m */; };
/* End PBXBuildFile section */

/* Begin PBXCopyFilesBuildPhase section */
		D305942416C55D8D0048CC20 /* CopyFiles */ = {
			isa = PBXCopyFilesBuildPhase;
			buildActionMask = 2147483647;
			dstPath = "include/${PRODUCT_NAME}";
			dstSubfolderSpec = 16;
			files = (
				D305942F16C55D8D0048CC20 /* BBCommonUI.h in CopyFiles */,
			);
			runOnlyForDeploymentPostprocessing = 0;
		};
/* End PBXCopyFilesBuildPhase section */

/* Begin PBXFileReference section */
		D305942616C55D8D0048CC20 /* libBBCommonUI.a */ = {isa = PBXFileReference; explicitFileType = archive.ar; includeInIndex = 0; path = libBBCommonUI.a; sourceTree = BUILT_PRODUCTS_DIR; };
		D305942916C55D8D0048CC20 /* Foundation.framework */ = {isa = PBXFileReference; lastKnownFileType = wrapper.framework; name = Foundation.framework; path = System/Library/Frameworks/Foundation.framework; sourceTree = SDKROOT; };
		D305942D16C55D8D0048CC20 /* BBCommonUI-Prefix.pch */ = {isa = PBXFileReference; lastKnownFileType = sourcecode.c.h; path = "BBCommonUI-Prefix.pch"; sourceTree = "<group>"; };
		D305942E16C55D8D0048CC20 /* BBCommonUI.h */ = {isa = PBXFileReference; lastKnownFileType = sourcecode.c.h; path = BBCommonUI.h; sourceTree = "<group>"; };
		D305943816C55F1C0048CC20 /* BBToolbar.h */ = {isa = PBXFileReference; fileEncoding = 4; lastKnownFileType = sourcecode.c.h; path = BBToolbar.h; sourceTree = "<group>"; };
		D305943916C55F1C0048CC20 /* BBToolbar.m */ = {isa = PBXFileReference; fileEncoding = 4; lastKnownFileType = sourcecode.c.objc; path = BBToolbar.m; sourceTree = "<group>"; };
		D305943B16C55F430048CC20 /* UIKit.framework */ = {isa = PBXFileReference; lastKnownFileType = wrapper.framework; name = UIKit.framework; path = System/Library/Frameworks/UIKit.framework; sourceTree = SDKROOT; };
		D305943D16C55F590048CC20 /* CoreText.framework */ = {isa = PBXFileReference; lastKnownFileType = wrapper.framework; name = CoreText.framework; path = System/Library/Frameworks/CoreText.framework; sourceTree = SDKROOT; };
		D305943F16C55F5F0048CC20 /* QuartzCore.framework */ = {isa = PBXFileReference; lastKnownFileType = wrapper.framework; name = QuartzCore.framework; path = System/Library/Frameworks/QuartzCore.framework; sourceTree = SDKROOT; };
		D305944116C55FE20048CC20 /* BBStackView.h */ = {isa = PBXFileReference; fileEncoding = 4; lastKnownFileType = sourcecode.c.h; path = BBStackView.h; sourceTree = "<group>"; };
		D305944216C55FE20048CC20 /* BBStackView.m */ = {isa = PBXFileReference; fileEncoding = 4; lastKnownFileType = sourcecode.c.objc; path = BBStackView.m; sourceTree = "<group>"; };
		D305944416C560890048CC20 /* BBMacros.h */ = {isa = PBXFileReference; lastKnownFileType = sourcecode.c.h; path = BBMacros.h; sourceTree = "<group>"; };
		D305945816C564550048CC20 /* UIView+BBCommon.h */ = {isa = PBXFileReference; fileEncoding = 4; lastKnownFileType = sourcecode.c.h; path = "UIView+BBCommon.h"; sourceTree = "<group>"; };
		D305945916C564550048CC20 /* UIView+BBCommon.m */ = {isa = PBXFileReference; fileEncoding = 4; lastKnownFileType = sourcecode.c.objc; path = "UIView+BBCommon.m"; sourceTree = "<group>"; };
		D305945B16C564C40048CC20 /* UIImage+BBCommon.h */ = {isa = PBXFileReference; fileEncoding = 4; lastKnownFileType = sourcecode.c.h; path = "UIImage+BBCommon.h"; sourceTree = "<group>"; };
		D305945C16C564C40048CC20 /* UIImage+BBCommon.m */ = {isa = PBXFileReference; fileEncoding = 4; lastKnownFileType = sourcecode.c.objc; path = "UIImage+BBCommon.m"; sourceTree = "<group>"; };
		D305946916C5991F0048CC20 /* BBTextView.h */ = {isa = PBXFileReference; fileEncoding = 4; lastKnownFileType = sourcecode.c.h; path = BBTextView.h; sourceTree = "<group>"; };
		D305946A16C5991F0048CC20 /* BBTextView.m */ = {isa = PBXFileReference; fileEncoding = 4; lastKnownFileType = sourcecode.c.objc; path = BBTextView.m; sourceTree = "<group>"; };
		D305946C16C599280048CC20 /* BBLabel.h */ = {isa = PBXFileReference; lastKnownFileType = sourcecode.c.h; path = BBLabel.h; sourceTree = "<group>"; };
		D305946D16C599280048CC20 /* BBLabel.m */ = {isa = PBXFileReference; lastKnownFileType = sourcecode.c.objc; path = BBLabel.m; sourceTree = "<group>"; };
		D305946F16C599760048CC20 /* BBTextViewStyle.h */ = {isa = PBXFileReference; lastKnownFileType = sourcecode.c.h; path = BBTextViewStyle.h; sourceTree = "<group>"; };
		D305947016C599760048CC20 /* BBTextViewStyle.m */ = {isa = PBXFileReference; lastKnownFileType = sourcecode.c.objc; path = BBTextViewStyle.m; sourceTree = "<group>"; };
		D305947116C599860048CC20 /* BBButtonStyle.h */ = {isa = PBXFileReference; lastKnownFileType = sourcecode.c.h; path = BBButtonStyle.h; sourceTree = "<group>"; };
		D305947216C599860048CC20 /* BBButtonStyle.m */ = {isa = PBXFileReference; lastKnownFileType = sourcecode.c.objc; path = BBButtonStyle.m; sourceTree = "<group>"; };
		D305947316C5998F0048CC20 /* BBLabelStyle.h */ = {isa = PBXFileReference; lastKnownFileType = sourcecode.c.h; path = BBLabelStyle.h; sourceTree = "<group>"; };
		D305947416C5998F0048CC20 /* BBLabelStyle.m */ = {isa = PBXFileReference; lastKnownFileType = sourcecode.c.objc; path = BBLabelStyle.m; sourceTree = "<group>"; };
		D305947516C599A20048CC20 /* BBTextFieldStyle.h */ = {isa = PBXFileReference; lastKnownFileType = sourcecode.c.h; path = BBTextFieldStyle.h; sourceTree = "<group>"; };
		D305947616C599A20048CC20 /* BBTextFieldStyle.m */ = {isa = PBXFileReference; lastKnownFileType = sourcecode.c.objc; path = BBTextFieldStyle.m; sourceTree = "<group>"; };
		D305947716C599B80048CC20 /* BBTextField.h */ = {isa = PBXFileReference; lastKnownFileType = sourcecode.c.h; path = BBTextField.h; sourceTree = "<group>"; };
		D305947816C599B80048CC20 /* BBTextField.m */ = {isa = PBXFileReference; lastKnownFileType = sourcecode.c.objc; path = BBTextField.m; sourceTree = "<group>"; };
		D305947F16C59A4B0048CC20 /* NSString+BBCommon.h */ = {isa = PBXFileReference; fileEncoding = 4; lastKnownFileType = sourcecode.c.h; path = "NSString+BBCommon.h"; sourceTree = "<group>"; };
		D305948016C59A4B0048CC20 /* NSString+BBCommon.m */ = {isa = PBXFileReference; fileEncoding = 4; lastKnownFileType = sourcecode.c.objc; path = "NSString+BBCommon.m"; sourceTree = "<group>"; };
		D305948216C59B670048CC20 /* UILabel+BBCommon.h */ = {isa = PBXFileReference; fileEncoding = 4; lastKnownFileType = sourcecode.c.h; path = "UILabel+BBCommon.h"; sourceTree = "<group>"; };
		D305948316C59B670048CC20 /* UILabel+BBCommon.m */ = {isa = PBXFileReference; fileEncoding = 4; lastKnownFileType = sourcecode.c.objc; path = "UILabel+BBCommon.m"; sourceTree = "<group>"; };
		D305948516C59BB70048CC20 /* BBWrapView.h */ = {isa = PBXFileReference; fileEncoding = 4; lastKnownFileType = sourcecode.c.h; path = BBWrapView.h; sourceTree = "<group>"; };
		D305948616C59BB70048CC20 /* BBWrapView.m */ = {isa = PBXFileReference; fileEncoding = 4; lastKnownFileType = sourcecode.c.objc; path = BBWrapView.m; sourceTree = "<group>"; };
/* End PBXFileReference section */

/* Begin PBXFrameworksBuildPhase section */
		D305942316C55D8D0048CC20 /* Frameworks */ = {
			isa = PBXFrameworksBuildPhase;
			buildActionMask = 2147483647;
			files = (
				D305944016C55F5F0048CC20 /* QuartzCore.framework in Frameworks */,
				D305943E16C55F590048CC20 /* CoreText.framework in Frameworks */,
				D305942A16C55D8D0048CC20 /* Foundation.framework in Frameworks */,
			);
			runOnlyForDeploymentPostprocessing = 0;
		};
/* End PBXFrameworksBuildPhase section */

/* Begin PBXGroup section */
		D305941D16C55D8D0048CC20 = {
			isa = PBXGroup;
			children = (
				D305942B16C55D8D0048CC20 /* BBCommonUI */,
				D305942816C55D8D0048CC20 /* Frameworks */,
				D305942716C55D8D0048CC20 /* Products */,
			);
			sourceTree = "<group>";
		};
		D305942716C55D8D0048CC20 /* Products */ = {
			isa = PBXGroup;
			children = (
				D305942616C55D8D0048CC20 /* libBBCommonUI.a */,
			);
			name = Products;
			sourceTree = "<group>";
		};
		D305942816C55D8D0048CC20 /* Frameworks */ = {
			isa = PBXGroup;
			children = (
				D305943F16C55F5F0048CC20 /* QuartzCore.framework */,
				D305943D16C55F590048CC20 /* CoreText.framework */,
				D305943B16C55F430048CC20 /* UIKit.framework */,
				D305942916C55D8D0048CC20 /* Foundation.framework */,
			);
			name = Frameworks;
			sourceTree = "<group>";
		};
		D305942B16C55D8D0048CC20 /* BBCommonUI */ = {
			isa = PBXGroup;
			children = (
				D305946E16C599640048CC20 /* Styling */,
				D305945716C5641B0048CC20 /* Categories */,
				D305943716C55F0E0048CC20 /* Views */,
				D305942E16C55D8D0048CC20 /* BBCommonUI.h */,
				D305944416C560890048CC20 /* BBMacros.h */,
				D305942C16C55D8D0048CC20 /* Supporting Files */,
			);
			path = BBCommonUI;
			sourceTree = "<group>";
		};
		D305942C16C55D8D0048CC20 /* Supporting Files */ = {
			isa = PBXGroup;
			children = (
				D305942D16C55D8D0048CC20 /* BBCommonUI-Prefix.pch */,
			);
			name = "Supporting Files";
			sourceTree = "<group>";
		};
		D305943716C55F0E0048CC20 /* Views */ = {
			isa = PBXGroup;
			children = (
				D305946C16C599280048CC20 /* BBLabel.h */,
				D305948216C59B670048CC20 /* UILabel+BBCommon.h */,
				D305948516C59BB70048CC20 /* BBWrapView.h */,
				D305948616C59BB70048CC20 /* BBWrapView.m */,
				D305948316C59B670048CC20 /* UILabel+BBCommon.m */,
				D305946D16C599280048CC20 /* BBLabel.m */,
				D305947716C599B80048CC20 /* BBTextField.h */,
				D305947816C599B80048CC20 /* BBTextField.m */,
				D305946916C5991F0048CC20 /* BBTextView.h */,
				D305946A16C5991F0048CC20 /* BBTextView.m */,
				D305944116C55FE20048CC20 /* BBStackView.h */,
				D305944216C55FE20048CC20 /* BBStackView.m */,
				D305943816C55F1C0048CC20 /* BBToolbar.h */,
				D305943916C55F1C0048CC20 /* BBToolbar.m */,
			);
			path = Views;
			sourceTree = "<group>";
		};
		D305945716C5641B0048CC20 /* Categories */ = {
			isa = PBXGroup;
			children = (
				D305947F16C59A4B0048CC20 /* NSString+BBCommon.h */,
				D305948016C59A4B0048CC20 /* NSString+BBCommon.m */,
				D305945B16C564C40048CC20 /* UIImage+BBCommon.h */,
				D305945C16C564C40048CC20 /* UIImage+BBCommon.m */,
				D305945816C564550048CC20 /* UIView+BBCommon.h */,
				D305945916C564550048CC20 /* UIView+BBCommon.m */,
			);
			path = Categories;
			sourceTree = "<group>";
		};
		D305946E16C599640048CC20 /* Styling */ = {
			isa = PBXGroup;
			children = (
				D305947516C599A20048CC20 /* BBTextFieldStyle.h */,
				D305947616C599A20048CC20 /* BBTextFieldStyle.m */,
				D305947316C5998F0048CC20 /* BBLabelStyle.h */,
				D305947416C5998F0048CC20 /* BBLabelStyle.m */,
				D305947116C599860048CC20 /* BBButtonStyle.h */,
				D305947216C599860048CC20 /* BBButtonStyle.m */,
				D305946F16C599760048CC20 /* BBTextViewStyle.h */,
				D305947016C599760048CC20 /* BBTextViewStyle.m */,
			);
			path = Styling;
			sourceTree = "<group>";
		};
/* End PBXGroup section */

/* Begin PBXNativeTarget section */
		D305942516C55D8D0048CC20 /* BBCommonUI */ = {
			isa = PBXNativeTarget;
			buildConfigurationList = D305943416C55D8D0048CC20 /* Build configuration list for PBXNativeTarget "BBCommonUI" */;
			buildPhases = (
				D305942216C55D8D0048CC20 /* Sources */,
				D305942316C55D8D0048CC20 /* Frameworks */,
				D305942416C55D8D0048CC20 /* CopyFiles */,
			);
			buildRules = (
			);
			dependencies = (
			);
			name = BBCommonUI;
			productName = BBCommonUI;
			productReference = D305942616C55D8D0048CC20 /* libBBCommonUI.a */;
			productType = "com.apple.product-type.library.static";
		};
/* End PBXNativeTarget section */

/* Begin PBXProject section */
		D305941E16C55D8D0048CC20 /* Project object */ = {
			isa = PBXProject;
			attributes = {
				LastUpgradeCheck = 0460;
				ORGANIZATIONNAME = bigbigbomb;
			};
			buildConfigurationList = D305942116C55D8D0048CC20 /* Build configuration list for PBXProject "BBCommonUI" */;
			compatibilityVersion = "Xcode 3.2";
			developmentRegion = English;
			hasScannedForEncodings = 0;
			knownRegions = (
				en,
			);
			mainGroup = D305941D16C55D8D0048CC20;
			productRefGroup = D305942716C55D8D0048CC20 /* Products */;
			projectDirPath = "";
			projectRoot = "";
			targets = (
				D305942516C55D8D0048CC20 /* BBCommonUI */,
			);
		};
/* End PBXProject section */

/* Begin PBXSourcesBuildPhase section */
		D305942216C55D8D0048CC20 /* Sources */ = {
			isa = PBXSourcesBuildPhase;
			buildActionMask = 2147483647;
			files = (
				D305943A16C55F1C0048CC20 /* BBToolbar.m in Sources */,
				D305944316C55FE20048CC20 /* BBStackView.m in Sources */,
				D305945A16C564550048CC20 /* UIView+BBCommon.m in Sources */,
				D305945D16C564C40048CC20 /* UIImage+BBCommon.m in Sources */,
				D305946B16C5991F0048CC20 /* BBTextView.m in Sources */,
				D305947916C59A0F0048CC20 /* BBLabel.m in Sources */,
				D305947A16C59A120048CC20 /* BBTextField.m in Sources */,
				D305947B16C59A1B0048CC20 /* BBTextFieldStyle.m in Sources */,
				D305947C16C59A1D0048CC20 /* BBLabelStyle.m in Sources */,
				D305947D16C59A200048CC20 /* BBButtonStyle.m in Sources */,
				D305947E16C59A240048CC20 /* BBTextViewStyle.m in Sources */,
				D305948116C59A4B0048CC20 /* NSString+BBCommon.m in Sources */,
				D305948416C59B670048CC20 /* UILabel+BBCommon.m in Sources */,
				D305948716C59BB70048CC20 /* BBWrapView.m in Sources */,
			);
			runOnlyForDeploymentPostprocessing = 0;
		};
/* End PBXSourcesBuildPhase section */

/* Begin XCBuildConfiguration section */
		D305943216C55D8D0048CC20 /* Debug */ = {
			isa = XCBuildConfiguration;
			buildSettings = {
				ALWAYS_SEARCH_USER_PATHS = NO;
				CLANG_CXX_LANGUAGE_STANDARD = "gnu++0x";
				CLANG_CXX_LIBRARY = "libc++";
				CLANG_ENABLE_OBJC_ARC = YES;
				CLANG_WARN_CONSTANT_CONVERSION = YES;
				CLANG_WARN_EMPTY_BODY = YES;
				CLANG_WARN_ENUM_CONVERSION = YES;
				CLANG_WARN_INT_CONVERSION = YES;
				CLANG_WARN__DUPLICATE_METHOD_MATCH = YES;
				COPY_PHASE_STRIP = NO;
				GCC_C_LANGUAGE_STANDARD = gnu99;
				GCC_DYNAMIC_NO_PIC = NO;
				GCC_OPTIMIZATION_LEVEL = 0;
				GCC_PREPROCESSOR_DEFINITIONS = (
					"DEBUG=1",
					"$(inherited)",
				);
				GCC_SYMBOLS_PRIVATE_EXTERN = NO;
				GCC_WARN_ABOUT_RETURN_TYPE = YES;
				GCC_WARN_UNINITIALIZED_AUTOS = YES;
				GCC_WARN_UNUSED_VARIABLE = YES;
				IPHONEOS_DEPLOYMENT_TARGET = 6.1;
				ONLY_ACTIVE_ARCH = YES;
				SDKROOT = iphoneos;
			};
			name = Debug;
		};
		D305943316C55D8D0048CC20 /* Release */ = {
			isa = XCBuildConfiguration;
			buildSettings = {
				ALWAYS_SEARCH_USER_PATHS = NO;
				CLANG_CXX_LANGUAGE_STANDARD = "gnu++0x";
				CLANG_CXX_LIBRARY = "libc++";
				CLANG_ENABLE_OBJC_ARC = YES;
				CLANG_WARN_CONSTANT_CONVERSION = YES;
				CLANG_WARN_EMPTY_BODY = YES;
				CLANG_WARN_ENUM_CONVERSION = YES;
				CLANG_WARN_INT_CONVERSION = YES;
				CLANG_WARN__DUPLICATE_METHOD_MATCH = YES;
				COPY_PHASE_STRIP = YES;
				GCC_C_LANGUAGE_STANDARD = gnu99;
				GCC_WARN_ABOUT_RETURN_TYPE = YES;
				GCC_WARN_UNINITIALIZED_AUTOS = YES;
				GCC_WARN_UNUSED_VARIABLE = YES;
				IPHONEOS_DEPLOYMENT_TARGET = 6.1;
				SDKROOT = iphoneos;
				VALIDATE_PRODUCT = YES;
			};
			name = Release;
		};
		D305943516C55D8D0048CC20 /* Debug */ = {
			isa = XCBuildConfiguration;
			buildSettings = {
				DSTROOT = /tmp/BBCommonUI.dst;
				GCC_PRECOMPILE_PREFIX_HEADER = YES;
				GCC_PREFIX_HEADER = "BBCommonUI/BBCommonUI-Prefix.pch";
				OTHER_LDFLAGS = "-ObjC";
				PRODUCT_NAME = "$(TARGET_NAME)";
				SKIP_INSTALL = YES;
			};
			name = Debug;
		};
		D305943616C55D8D0048CC20 /* Release */ = {
			isa = XCBuildConfiguration;
			buildSettings = {
				DSTROOT = /tmp/BBCommonUI.dst;
				GCC_PRECOMPILE_PREFIX_HEADER = YES;
				GCC_PREFIX_HEADER = "BBCommonUI/BBCommonUI-Prefix.pch";
				OTHER_LDFLAGS = "-ObjC";
				PRODUCT_NAME = "$(TARGET_NAME)";
				SKIP_INSTALL = YES;
			};
			name = Release;
		};
/* End XCBuildConfiguration section */

/* Begin XCConfigurationList section */
		D305942116C55D8D0048CC20 /* Build configuration list for PBXProject "BBCommonUI" */ = {
			isa = XCConfigurationList;
			buildConfigurations = (
				D305943216C55D8D0048CC20 /* Debug */,
				D305943316C55D8D0048CC20 /* Release */,
			);
			defaultConfigurationIsVisible = 0;
			defaultConfigurationName = Release;
		};
		D305943416C55D8D0048CC20 /* Build configuration list for PBXNativeTarget "BBCommonUI" */ = {
			isa = XCConfigurationList;
			buildConfigurations = (
				D305943516C55D8D0048CC20 /* Debug */,
				D305943616C55D8D0048CC20 /* Release */,
			);
			defaultConfigurationIsVisible = 0;
			defaultConfigurationName = Release;
		};
/* End XCConfigurationList section */
	};
	rootObject = D305941E16C55D8D0048CC20 /* Project object */;
}
